
Microsoft Visual Studio Solution File, Format Version 12.00
Project("{FAE04EC0-301F-11D3-BF4B-00C04F79EFBC}") = "Converter", "Converter.csproj", "{D5C694EC-A49C-44AC-84BA-CAAF0D93FF6E}"
EndProject
Global
	GlobalSection(SolutionConfigurationPlatforms) = preSolution
		Debug|Any CPU = Debug|Any CPU
		Release|Any CPU = Release|Any CPU
	EndGlobalSection
	GlobalSection(ProjectConfigurationPlatforms) = postSolution
		{D5C694EC-A49C-44AC-84BA-CAAF0D93FF6E}.Debug|Any CPU.ActiveCfg = Debug|Any CPU
		{D5C694EC-A49C-44AC-84BA-CAAF0D93FF6E}.Debug|Any CPU.Build.0 = Debug|Any CPU
		{D5C694EC-A49C-44AC-84BA-CAAF0D93FF6E}.Release|Any CPU.ActiveCfg = Release|Any CPU
		{D5C694EC-A49C-44AC-84BA-CAAF0D93FF6E}.Release|Any CPU.Build.0 = Release|Any CPU
	EndGlobalSection
EndGlobal
